
Microsoft Visual Studio Solution File, Format Version 12.00
# Visual Studio Version 16
VisualStudioVersion = 16.0.31019.35
MinimumVisualStudioVersion = 10.0.40219.1
Project("{9A19103F-16F7-4668-BE54-9A1E7A4F7556}") = "eShop.WepApp", "eShop.WepApp\eShop.WepApp.csproj", "{72414FCA-1203-4CDD-94CB-8E29CCAC3CAB}"
EndProject
Project("{9A19103F-16F7-4668-BE54-9A1E7A4F7556}") = "eShop.Data", "eShop.Data\eShop.Data.csproj", "{A2B97614-7864-4792-BD46-D9269830E8FD}"
EndProject
Project("{9A19103F-16F7-4668-BE54-9A1E7A4F7556}") = "eShop.Application", "eShop.Application\eShop.Application.csproj", "{51B5F04E-BAA0-48B0-9779-4302470054E3}"
EndProject
Project("{9A19103F-16F7-4668-BE54-9A1E7A4F7556}") = "eShop.Utilities", "eShop.Utilities\eShop.Utilities.csproj", "{167B84C0-D348-4A0F-8948-9AF36254EBFC}"
EndProject
Project("{9A19103F-16F7-4668-BE54-9A1E7A4F7556}") = "eShop.ViewModels", "eShop.ViewModels\eShop.ViewModels.csproj", "{42178CAB-1456-4A65-9549-4B49F67F935C}"
EndProject
Project("{FAE04EC0-301F-11D3-BF4B-00C04F79EFBC}") = "eShop.BackendApi", "eShop.BackendApi\eShop.BackendApi.csproj", "{E9413C9F-0025-459F-9B38-B0342461CF0F}"
EndProject
Global
	GlobalSection(SolutionConfigurationPlatforms) = preSolution
		Debug|Any CPU = Debug|Any CPU
		Release|Any CPU = Release|Any CPU
	EndGlobalSection
	GlobalSection(ProjectConfigurationPlatforms) = postSolution
		{72414FCA-1203-4CDD-94CB-8E29CCAC3CAB}.Debug|Any CPU.ActiveCfg = Debug|Any CPU
		{72414FCA-1203-4CDD-94CB-8E29CCAC3CAB}.Debug|Any CPU.Build.0 = Debug|Any CPU
		{72414FCA-1203-4CDD-94CB-8E29CCAC3CAB}.Release|Any CPU.ActiveCfg = Release|Any CPU
		{72414FCA-1203-4CDD-94CB-8E29CCAC3CAB}.Release|Any CPU.Build.0 = Release|Any CPU
		{A2B97614-7864-4792-BD46-D9269830E8FD}.Debug|Any CPU.ActiveCfg = Debug|Any CPU
		{A2B97614-7864-4792-BD46-D9269830E8FD}.Debug|Any CPU.Build.0 = Debug|Any CPU
		{A2B97614-7864-4792-BD46-D9269830E8FD}.Release|Any CPU.ActiveCfg = Release|Any CPU
		{A2B97614-7864-4792-BD46-D9269830E8FD}.Release|Any CPU.Build.0 = Release|Any CPU
		{51B5F04E-BAA0-48B0-9779-4302470054E3}.Debug|Any CPU.ActiveCfg = Debug|Any CPU
		{51B5F04E-BAA0-48B0-9779-4302470054E3}.Debug|Any CPU.Build.0 = Debug|Any CPU
		{51B5F04E-BAA0-48B0-9779-4302470054E3}.Release|Any CPU.ActiveCfg = Release|Any CPU
		{51B5F04E-BAA0-48B0-9779-4302470054E3}.Release|Any CPU.Build.0 = Release|Any CPU
		{167B84C0-D348-4A0F-8948-9AF36254EBFC}.Debug|Any CPU.ActiveCfg = Debug|Any CPU
		{167B84C0-D348-4A0F-8948-9AF36254EBFC}.Debug|Any CPU.Build.0 = Debug|Any CPU
		{167B84C0-D348-4A0F-8948-9AF36254EBFC}.Release|Any CPU.ActiveCfg = Release|Any CPU
		{167B84C0-D348-4A0F-8948-9AF36254EBFC}.Release|Any CPU.Build.0 = Release|Any CPU
		{42178CAB-1456-4A65-9549-4B49F67F935C}.Debug|Any CPU.ActiveCfg = Debug|Any CPU
		{42178CAB-1456-4A65-9549-4B49F67F935C}.Debug|Any CPU.Build.0 = Debug|Any CPU
		{42178CAB-1456-4A65-9549-4B49F67F935C}.Release|Any CPU.ActiveCfg = Release|Any CPU
		{42178CAB-1456-4A65-9549-4B49F67F935C}.Release|Any CPU.Build.0 = Release|Any CPU
		{E9413C9F-0025-459F-9B38-B0342461CF0F}.Debug|Any CPU.ActiveCfg = Debug|Any CPU
		{E9413C9F-0025-459F-9B38-B0342461CF0F}.Debug|Any CPU.Build.0 = Debug|Any CPU
		{E9413C9F-0025-459F-9B38-B0342461CF0F}.Release|Any CPU.ActiveCfg = Release|Any CPU
		{E9413C9F-0025-459F-9B38-B0342461CF0F}.Release|Any CPU.Build.0 = Release|Any CPU
	EndGlobalSection
	GlobalSection(SolutionProperties) = preSolution
		HideSolutionNode = FALSE
	EndGlobalSection
	GlobalSection(ExtensibilityGlobals) = postSolution
		SolutionGuid = {83451FD9-9193-4F18-B9E3-F66E40CC60F2}
	EndGlobalSection
EndGlobal
